github.com/davecgh/go-spew v1.1.0/go.mod h1:J7Y8YcW2NihsgmVo/mv3lAwl/skON4iLHjSsI+c5H38=
github.com/davecgh/go-spew v1.1.1 h1:vj9j/u1bqnvCEfJOwUhtlOARqs3+rkHYY13jYWTU97c=
github.com/davecgh/go-spew v1.1.1/go.mod h1:J7Y8YcW2NihsgmVo/mv3lAwl/skON4iLHjSsI+c5H38=
github.com/go-check/check v0.0.0-20200902074654-038fdea0a05b/go.mod h1:9ES+weclKsC9YodN5RgxqK/VD9HM9JsCSh7rNhMZE98=
github.com/go-chi/chi/v5 v5.1.0 h1:acVI1TYaD+hhedDJ3r54HyA6sExp3HfXq7QWEEY/xMw=
github.com/go-chi/chi/v5 v5.1.0/go.mod h1:DslCQbL2OYiznFReuXYUmQ2hGd1aDpCnlMNITLSKoi8=
github.com/go-telegram-bot-api/telegram-bot-api/v5 v5.5.1 h1:wG8n/XJQ07TmjbITcGiUaOtXxdrINDz1b0J1w0SzqDc=
github.com/go-telegram-bot-api/telegram-bot-api/v5 v5.5.1/go.mod h1:A2S0CWkNylc2phvKXWBBdD3K0iGnDBGbzRpISP2zBl8=
github.com/go-yaml/yaml/v3 v3.0.1 h1:lLakvY+lWMEToth2+yyGyq9wAa91oSm971MQysWD8Q4=
github.com/go-yaml/yaml/v3 v3.0.1/go.mod h1:K4uyk7z7BCEPqu6E+C64Yfv1cQ7kz7rIZviUmN+EgEM=
github.com/golang-jwt/jwt/v5 v5.2.1 h1:OuVbFODueb089Lh128TAcimifWaLhJwVflnrgM17wHk=
github.com/golang-jwt/jwt/v5 v5.2.1/go.mod h1:pqrtFR0X4osieyHYxtmOUWsAWrfe1Q5UVIyoH402zdk=
github.com/golang/crypto v0.23.0 h1:RShXj2uPTe4hHfGGjtFi5oIlDx7rF677+p5uAYM5izU=
github.com/golang/crypto v0.23.0/go.mod h1:CKFgDieR+mRhux2Lsu27y0fO304Db0wZe70UKqHu0v8=
github.com/golang/sync v0.7.0 h1:LrQ0FXlIEEEqmu6eSUpFHl0/eFnEfspNr3v19MzIttk=
github.com/golang/sync v0.7.0/go.mod h1:Czt+wKu1gCyEFDUtn0jG5QVvpJ6rzVqr5aXyt9drQfk=
github.com/golang/sys v0.20.0 h1:s6f6MpCY0CE+A62kAS9FiDNmD3rpVbd+OISylPY45NQ=
github.com/golang/sys v0.20.0/go.mod h1:/VUhepiaJMQUp4+oa/7Zr1D23ma6VTLIYjOOTFZPUcA=
github.com/golang/text v0.15.0 h1:Hr6Y5cbI9MiTMnLQhMfqQzC3smwk0O9n6gYp78JNYJ4=
github.com/golang/text v0.15.0/go.mod h1:18ZOQIKpY8NJVqYksKHtTdi31H5itFRjB5/qKTNYzSU=
github.com/jackc/pgpassfile v1.0.0 h1:/6Hmqy13Ss2zCq62VdNG8tM1wchn8zjSGOBJ6icpsIM=
github.com/jackc/pgpassfile v1.0.0/go.mod h1:CEx0iS5ambNFdcRtxPj5JhEz+xB6uRky5eyVu/W2HEg=
github.com/jackc/pgservicefile v0.0.0-20221227161230-091c0ba34f0a h1:bbPeKD0xmW/Y25WS6cokEszi5g+S0QxI/d45PkRi7Nk=
github.com/jackc/pgservicefile v0.0.0-20221227161230-091c0ba34f0a/go.mod h1:5TJZWKEWniPve33vlWYSoGYefn3gLQRzjfDlhSJ9ZKM=
github.com/jackc/pgx/v5 v5.6.0 h1:SWJzexBzPL5jb0GEsrPMLIsi/3jOo7RHlzTjcAeDrPY=
github.com/jackc/pgx/v5 v5.6.0/go.mod h1:DNZ/vlrUnhWCoFGxHAG8U2ljioxukquj7utPDgtQdTw=
github.com/jackc/puddle/v2 v2.2.1 h1:RhxXJtFG022u4ibrCSMSiu5aOq1i77R3OHKNJj77OAk=
github.com/jackc/puddle/v2 v2.2.1/go.mod h1:vriiEXHvEE654aYKXXjOvZM39qJ0q+azkZFrfEOc3H4=
github.com/klauspost/compress v1.17.9 h1:6KIumPrER1LHsvBVuDa0r5xaG0Es51mhhB9BQB2qeMA=
github.com/klauspost/compress v1.17.9/go.mod h1:Di0epgTjJY877eYKx5yC51cX2A2Vl2ibi7bDH9ttBbw=
github.com/nats-io/nats.go v1.36.0 h1:suEUPuWzTSse/XhESwqLxXGuj8vGRuPRoG7MoRN/qyU=
github.com/nats-io/nats.go v1.36.0/go.mod h1:Ubdu4Nh9exXdSz0RVWRFBbRfrbSxOYd26oF0wkWclB8=
github.com/nats-io/nkeys v0.4.7 h1:RwNJbbIdYCoClSDNY7QVKZlyb/wfT6ugvFCiKy6vDvI=
github.com/nats-io/nkeys v0.4.7/go.mod h1:kqXRgRDPlGy7nGaEDMuYzmiJCIAAWDK0IMBtDmGD0nc=
github.com/nats-io/nuid v1.0.1 h1:5iA8DT8V7q8WK2EScv2padNa/rTESc1KdnPw4TC2paw=
github.com/nats-io/nuid v1.0.1/go.mod h1:19wcPz3Ph3q0Jbyiqsd0kePYG7A95tJPxeL+1OSON2c=
github.com/pmezard/go-difflib v1.0.0 h1:4DBwDE0NGyQoBHbLQYPwSUPoCMWR5BEzIk/f1lZbAQM=
github.com/pmezard/go-difflib v1.0.0/go.mod h1:iKH77koFhYxTK1pcRnkKkqfTogsbg7gZNVY4sRDYZ/4=
github.com/stretchr/objx v0.1.0/go.mod h1:HFkY916IF+rwdDfMAkV7OtwuqBVzrE8GR6GFx+wExME=
github.com/stretchr/testify v1.3.0/go.mod h1:M5WIy9Dh21IEIfnGCwXGc5bZfKNJtfHm1UVUgZn+9EI=
github.com/stretchr/testify v1.7.0/go.mod h1:6Fq8oRcR53rry900zMqJjRRixrwX3KX962/h/Wwjteg=
github.com/stretchr/testify v1.8.1 h1:w7B6lhMri9wdJUVmEZPGGhZzrYTPvgJArz7wNPgYKsk=
github.com/stretchr/testify v1.8.1/go.mod h1:w2LPCIKwWwSfY2zedu0+kehJoqGctiVI29o6fzry7u4=
